// !$*UTF8*$!
{
	archiveVersion = 1;
	classes = {
	};
	objectVersion = 46;
	objects = {

/* Begin PBXBuildFile section */
		2357004F1EB872370054A521 /* AppDelegate.swift in Sources */ = {isa = PBXBuildFile; fileRef = 2357004E1EB872370054A521 /* AppDelegate.swift */; };
		235700511EB872370054A521 /* HomepageViewController.swift in Sources */ = {isa = PBXBuildFile; fileRef = 235700501EB872370054A521 /* HomepageViewController.swift */; };
		235700541EB872370054A521 /* Main.storyboard in Resources */ = {isa = PBXBuildFile; fileRef = 235700521EB872370054A521 /* Main.storyboard */; };
		235700591EB872380054A521 /* Assets.xcassets in Resources */ = {isa = PBXBuildFile; fileRef = 235700581EB872380054A521 /* Assets.xcassets */; };
		235700671EB872380054A521 /* Sustainable_SchoolsTests.swift in Sources */ = {isa = PBXBuildFile; fileRef = 235700661EB872380054A521 /* Sustainable_SchoolsTests.swift */; };
		235700721EB872390054A521 /* Sustainable_SchoolsUITests.swift in Sources */ = {isa = PBXBuildFile; fileRef = 235700711EB872390054A521 /* Sustainable_SchoolsUITests.swift */; };
		2380A1721EBF6E2800CC45F3 /* QNA.swift in Sources */ = {isa = PBXBuildFile; fileRef = 2380A1711EBF6E2800CC45F3 /* QNA.swift */; };
		23F38A071EBF3DCD0089E243 /* Gloss.framework in Frameworks */ = {isa = PBXBuildFile; fileRef = 23F38A061EBF3DCD0089E243 /* Gloss.framework */; };
		281F3B0A1ED7B8BE0014742D /* RegistrationViewController.swift in Sources */ = {isa = PBXBuildFile; fileRef = 281F3B091ED7B8BE0014742D /* RegistrationViewController.swift */; };
		283B96AF1EEEF36100B5345F /* sdgReference.swift in Sources */ = {isa = PBXBuildFile; fileRef = 283B96AE1EEEF36100B5345F /* sdgReference.swift */; };
		283B96B31EEF7BA300B5345F /* leadershipCollectionViewCell.swift in Sources */ = {isa = PBXBuildFile; fileRef = 283B96B21EEF7BA300B5345F /* leadershipCollectionViewCell.swift */; };
		283B96B51EEF973100B5345F /* leadershipBoardViewController.swift in Sources */ = {isa = PBXBuildFile; fileRef = 283B96B41EEF973100B5345F /* leadershipBoardViewController.swift */; };
		283B96C01EF15E0600B5345F /* User.swift in Sources */ = {isa = PBXBuildFile; fileRef = 283B96BF1EF15E0600B5345F /* User.swift */; };
		2854AF291FED05FE00CC1F0B /* Leadership.storyboard in Resources */ = {isa = PBXBuildFile; fileRef = 2854AF281FED05FE00CC1F0B /* Leadership.storyboard */; };
		2854AF2B1FED060B00CC1F0B /* Registration.storyboard in Resources */ = {isa = PBXBuildFile; fileRef = 2854AF2A1FED060B00CC1F0B /* Registration.storyboard */; };
		2854AF2D1FED067000CC1F0B /* Settings.storyboard in Resources */ = {isa = PBXBuildFile; fileRef = 2854AF2C1FED067000CC1F0B /* Settings.storyboard */; };
		28558B5D1EED2AA700198FD5 /* ScrollingTopicsViewController.swift in Sources */ = {isa = PBXBuildFile; fileRef = 28558B5C1EED2AA700198FD5 /* ScrollingTopicsViewController.swift */; };
		28558B5F1EED539E00198FD5 /* energyHomeViewController.swift in Sources */ = {isa = PBXBuildFile; fileRef = 28558B5E1EED539E00198FD5 /* energyHomeViewController.swift */; };
		28558B611EED844700198FD5 /* detailedSDGViewController.swift in Sources */ = {isa = PBXBuildFile; fileRef = 28558B601EED844700198FD5 /* detailedSDGViewController.swift */; };
		28558B631EEEB48800198FD5 /* landHomeViewController.swift in Sources */ = {isa = PBXBuildFile; fileRef = 28558B621EEEB48800198FD5 /* landHomeViewController.swift */; };
		285AA4131EDD8E8200D26583 /* SDGTableViewCell.swift in Sources */ = {isa = PBXBuildFile; fileRef = 285AA4121EDD8E8200D26583 /* SDGTableViewCell.swift */; };
		285AA4191EDE93AE00D26583 /* aboutSDGViewController.swift in Sources */ = {isa = PBXBuildFile; fileRef = 285AA4181EDE93AE00D26583 /* aboutSDGViewController.swift */; };
		285E25551ED0641A0091A33D /* ValidationManager.swift in Sources */ = {isa = PBXBuildFile; fileRef = 285E25541ED0641A0091A33D /* ValidationManager.swift */; };
		28E0F96F1FE765D60093605E /* Quiz.storyboard in Resources */ = {isa = PBXBuildFile; fileRef = 28E0F96E1FE765D60093605E /* Quiz.storyboard */; };
		28F9C5AB1EC858A500CB547B /* DataManager.swift in Sources */ = {isa = PBXBuildFile; fileRef = 28F9C5AA1EC858A500CB547B /* DataManager.swift */; };
		28F9C5AF1EC8C2D400CB547B /* displayingPointsViewController.swift in Sources */ = {isa = PBXBuildFile; fileRef = 28F9C5AE1EC8C2D400CB547B /* displayingPointsViewController.swift */; };
		6D5D189DF7DE5E3F631A10ED /* Pods_Sustainable_Schools.framework in Frameworks */ = {isa = PBXBuildFile; fileRef = 62F347409C5AAED4626B932D /* Pods_Sustainable_Schools.framework */; };
		844AEDF41EC02BBC009B4BDC /* colourscheme.txt in Resources */ = {isa = PBXBuildFile; fileRef = 844AEDF31EC02BBC009B4BDC /* colourscheme.txt */; };
		845D40791EBB0DBC00BC15AD /* QuizViewController.swift in Sources */ = {isa = PBXBuildFile; fileRef = 845D40781EBB0DBC00BC15AD /* QuizViewController.swift */; };
		845D407B1EBB0E6D00BC15AD /* TopicsHomeViewController.swift in Sources */ = {isa = PBXBuildFile; fileRef = 845D407A1EBB0E6D00BC15AD /* TopicsHomeViewController.swift */; };
		845D407D1EBDBCEC00BC15AD /* GoogleService-Info.plist in Resources */ = {isa = PBXBuildFile; fileRef = 845D407C1EBDBCEC00BC15AD /* GoogleService-Info.plist */; };
		84F8FC821EBA404100C3343B /* Podfile in Resources */ = {isa = PBXBuildFile; fileRef = 84F8FC811EBA404100C3343B /* Podfile */; };
/* End PBXBuildFile section */

/* Begin PBXContainerItemProxy section */
		235700631EB872380054A521 /* PBXContainerItemProxy */ = {
			isa = PBXContainerItemProxy;
			containerPortal = 235700431EB872370054A521 /* Project object */;
			proxyType = 1;
			remoteGlobalIDString = 2357004A1EB872370054A521;
			remoteInfo = "Sustainable Schools";
		};
		2357006E1EB872390054A521 /* PBXContainerItemProxy */ = {
			isa = PBXContainerItemProxy;
			containerPortal = 235700431EB872370054A521 /* Project object */;
			proxyType = 1;
			remoteGlobalIDString = 2357004A1EB872370054A521;
			remoteInfo = "Sustainable Schools";
		};
/* End PBXContainerItemProxy section */

/* Begin PBXFileReference section */
		2357004B1EB872370054A521 /* Sustainable Schools.app */ = {isa = PBXFileReference; explicitFileType = wrapper.application; includeInIndex = 0; path = "Sustainable Schools.app"; sourceTree = BUILT_PRODUCTS_DIR; };
		2357004E1EB872370054A521 /* AppDelegate.swift */ = {isa = PBXFileReference; lastKnownFileType = sourcecode.swift; path = AppDelegate.swift; sourceTree = "<group>"; };
		235700501EB872370054A521 /* HomepageViewController.swift */ = {isa = PBXFileReference; lastKnownFileType = sourcecode.swift; path = HomepageViewController.swift; sourceTree = "<group>"; };
		235700531EB872370054A521 /* Base */ = {isa = PBXFileReference; lastKnownFileType = file.storyboard; name = Base; path = Base.lproj/Main.storyboard; sourceTree = "<group>"; };
		235700581EB872380054A521 /* Assets.xcassets */ = {isa = PBXFileReference; lastKnownFileType = folder.assetcatalog; path = Assets.xcassets; sourceTree = "<group>"; };
		2357005D1EB872380054A521 /* Info.plist */ = {isa = PBXFileReference; lastKnownFileType = text.plist.xml; path = Info.plist; sourceTree = "<group>"; };
		235700621EB872380054A521 /* Sustainable SchoolsTests.xctest */ = {isa = PBXFileReference; explicitFileType = wrapper.cfbundle; includeInIndex = 0; path = "Sustainable SchoolsTests.xctest"; sourceTree = BUILT_PRODUCTS_DIR; };
		235700661EB872380054A521 /* Sustainable_SchoolsTests.swift */ = {isa = PBXFileReference; lastKnownFileType = sourcecode.swift; path = Sustainable_SchoolsTests.swift; sourceTree = "<group>"; };
		235700681EB872380054A521 /* Info.plist */ = {isa = PBXFileReference; lastKnownFileType = text.plist.xml; path = Info.plist; sourceTree = "<group>"; };
		2357006D1EB872390054A521 /* Sustainable SchoolsUITests.xctest */ = {isa = PBXFileReference; explicitFileType = wrapper.cfbundle; includeInIndex = 0; path = "Sustainable SchoolsUITests.xctest"; sourceTree = BUILT_PRODUCTS_DIR; };
		235700711EB872390054A521 /* Sustainable_SchoolsUITests.swift */ = {isa = PBXFileReference; lastKnownFileType = sourcecode.swift; path = Sustainable_SchoolsUITests.swift; sourceTree = "<group>"; };
		235700731EB872390054A521 /* Info.plist */ = {isa = PBXFileReference; lastKnownFileType = text.plist.xml; path = Info.plist; sourceTree = "<group>"; };
		2380A1711EBF6E2800CC45F3 /* QNA.swift */ = {isa = PBXFileReference; fileEncoding = 4; lastKnownFileType = sourcecode.swift; path = QNA.swift; sourceTree = "<group>"; };
		23F38A061EBF3DCD0089E243 /* Gloss.framework */ = {isa = PBXFileReference; lastKnownFileType = wrapper.framework; name = Gloss.framework; path = "Pods/../build/Debug-iphoneos/Gloss/Gloss.framework"; sourceTree = "<group>"; };
		281F3B091ED7B8BE0014742D /* RegistrationViewController.swift */ = {isa = PBXFileReference; fileEncoding = 4; lastKnownFileType = sourcecode.swift; path = RegistrationViewController.swift; sourceTree = "<group>"; };
		283B96AE1EEEF36100B5345F /* sdgReference.swift */ = {isa = PBXFileReference; fileEncoding = 4; lastKnownFileType = sourcecode.swift; path = sdgReference.swift; sourceTree = "<group>"; };
		283B96B21EEF7BA300B5345F /* leadershipCollectionViewCell.swift */ = {isa = PBXFileReference; fileEncoding = 4; lastKnownFileType = sourcecode.swift; path = leadershipCollectionViewCell.swift; sourceTree = "<group>"; };
		283B96B41EEF973100B5345F /* leadershipBoardViewController.swift */ = {isa = PBXFileReference; fileEncoding = 4; lastKnownFileType = sourcecode.swift; path = leadershipBoardViewController.swift; sourceTree = "<group>"; };
		283B96BF1EF15E0600B5345F /* User.swift */ = {isa = PBXFileReference; fileEncoding = 4; lastKnownFileType = sourcecode.swift; path = User.swift; sourceTree = "<group>"; };
		2854AF281FED05FE00CC1F0B /* Leadership.storyboard */ = {isa = PBXFileReference; lastKnownFileType = file.storyboard; path = Leadership.storyboard; sourceTree = "<group>"; };
		2854AF2A1FED060B00CC1F0B /* Registration.storyboard */ = {isa = PBXFileReference; lastKnownFileType = file.storyboard; path = Registration.storyboard; sourceTree = "<group>"; };
		2854AF2C1FED067000CC1F0B /* Settings.storyboard */ = {isa = PBXFileReference; lastKnownFileType = file.storyboard; path = Settings.storyboard; sourceTree = "<group>"; };
		28558B5C1EED2AA700198FD5 /* ScrollingTopicsViewController.swift */ = {isa = PBXFileReference; fileEncoding = 4; lastKnownFileType = sourcecode.swift; path = ScrollingTopicsViewController.swift; sourceTree = "<group>"; };
		28558B5E1EED539E00198FD5 /* energyHomeViewController.swift */ = {isa = PBXFileReference; fileEncoding = 4; lastKnownFileType = sourcecode.swift; path = energyHomeViewController.swift; sourceTree = "<group>"; };
		28558B601EED844700198FD5 /* detailedSDGViewController.swift */ = {isa = PBXFileReference; fileEncoding = 4; lastKnownFileType = sourcecode.swift; path = detailedSDGViewController.swift; sourceTree = "<group>"; };
		28558B621EEEB48800198FD5 /* landHomeViewController.swift */ = {isa = PBXFileReference; fileEncoding = 4; lastKnownFileType = sourcecode.swift; path = landHomeViewController.swift; sourceTree = "<group>"; };
		285AA4121EDD8E8200D26583 /* SDGTableViewCell.swift */ = {isa = PBXFileReference; fileEncoding = 4; lastKnownFileType = sourcecode.swift; path = SDGTableViewCell.swift; sourceTree = "<group>"; };
		285AA4181EDE93AE00D26583 /* aboutSDGViewController.swift */ = {isa = PBXFileReference; fileEncoding = 4; lastKnownFileType = sourcecode.swift; path = aboutSDGViewController.swift; sourceTree = "<group>"; };
		285E25541ED0641A0091A33D /* ValidationManager.swift */ = {isa = PBXFileReference; fileEncoding = 4; lastKnownFileType = sourcecode.swift; path = ValidationManager.swift; sourceTree = "<group>"; };
		28E0F96E1FE765D60093605E /* Quiz.storyboard */ = {isa = PBXFileReference; lastKnownFileType = file.storyboard; path = Quiz.storyboard; sourceTree = "<group>"; };
		28F9C5AA1EC858A500CB547B /* DataManager.swift */ = {isa = PBXFileReference; fileEncoding = 4; lastKnownFileType = sourcecode.swift; path = DataManager.swift; sourceTree = "<group>"; };
		28F9C5AE1EC8C2D400CB547B /* displayingPointsViewController.swift */ = {isa = PBXFileReference; fileEncoding = 4; lastKnownFileType = sourcecode.swift; path = displayingPointsViewController.swift; sourceTree = "<group>"; };
		62F347409C5AAED4626B932D /* Pods_Sustainable_Schools.framework */ = {isa = PBXFileReference; explicitFileType = wrapper.framework; includeInIndex = 0; path = Pods_Sustainable_Schools.framework; sourceTree = BUILT_PRODUCTS_DIR; };
		844AEDF31EC02BBC009B4BDC /* colourscheme.txt */ = {isa = PBXFileReference; fileEncoding = 4; lastKnownFileType = text; path = colourscheme.txt; sourceTree = "<group>"; };
		845D40781EBB0DBC00BC15AD /* QuizViewController.swift */ = {isa = PBXFileReference; fileEncoding = 4; lastKnownFileType = sourcecode.swift; path = QuizViewController.swift; sourceTree = "<group>"; };
		845D407A1EBB0E6D00BC15AD /* TopicsHomeViewController.swift */ = {isa = PBXFileReference; fileEncoding = 4; lastKnownFileType = sourcecode.swift; path = TopicsHomeViewController.swift; sourceTree = "<group>"; };
		845D407C1EBDBCEC00BC15AD /* GoogleService-Info.plist */ = {isa = PBXFileReference; lastKnownFileType = text.plist.xml; name = "GoogleService-Info.plist"; path = "Sustainable Schools/GoogleService-Info.plist"; sourceTree = "<group>"; };
		84F8FC811EBA404100C3343B /* Podfile */ = {isa = PBXFileReference; fileEncoding = 4; lastKnownFileType = text; path = Podfile; sourceTree = "<group>"; xcLanguageSpecificationIdentifier = xcode.lang.ruby; };
		BA531DDA836A7D789E3C4399 /* Pods-Sustainable Schools.debug.xcconfig */ = {isa = PBXFileReference; includeInIndex = 1; lastKnownFileType = text.xcconfig; name = "Pods-Sustainable Schools.debug.xcconfig"; path = "Pods/Target Support Files/Pods-Sustainable Schools/Pods-Sustainable Schools.debug.xcconfig"; sourceTree = "<group>"; };
		E914DA7E6463FF214E36603C /* Pods-Sustainable Schools.release.xcconfig */ = {isa = PBXFileReference; includeInIndex = 1; lastKnownFileType = text.xcconfig; name = "Pods-Sustainable Schools.release.xcconfig"; path = "Pods/Target Support Files/Pods-Sustainable Schools/Pods-Sustainable Schools.release.xcconfig"; sourceTree = "<group>"; };
/* End PBXFileReference section */

/* Begin PBXFrameworksBuildPhase section */
		235700481EB872370054A521 /* Frameworks */ = {
			isa = PBXFrameworksBuildPhase;
			buildActionMask = 2147483647;
			files = (
				23F38A071EBF3DCD0089E243 /* Gloss.framework in Frameworks */,
				6D5D189DF7DE5E3F631A10ED /* Pods_Sustainable_Schools.framework in Frameworks */,
			);
			runOnlyForDeploymentPostprocessing = 0;
		};
		2357005F1EB872380054A521 /* Frameworks */ = {
			isa = PBXFrameworksBuildPhase;
			buildActionMask = 2147483647;
			files = (
			);
			runOnlyForDeploymentPostprocessing = 0;
		};
		2357006A1EB872390054A521 /* Frameworks */ = {
			isa = PBXFrameworksBuildPhase;
			buildActionMask = 2147483647;
			files = (
			);
			runOnlyForDeploymentPostprocessing = 0;
		};
/* End PBXFrameworksBuildPhase section */

/* Begin PBXGroup section */
		235700421EB872370054A521 = {
			isa = PBXGroup;
			children = (
				845D407C1EBDBCEC00BC15AD /* GoogleService-Info.plist */,
				84F8FC811EBA404100C3343B /* Podfile */,
				2357004D1EB872370054A521 /* Sustainable Schools */,
				235700651EB872380054A521 /* Sustainable SchoolsTests */,
				235700701EB872390054A521 /* Sustainable SchoolsUITests */,
				2357004C1EB872370054A521 /* Products */,
				96AA4A570E3E0127C488CD66 /* Pods */,
				319E8D3FB18B2FF00A32448F /* Frameworks */,
			);
			sourceTree = "<group>";
		};
		2357004C1EB872370054A521 /* Products */ = {
			isa = PBXGroup;
			children = (
				2357004B1EB872370054A521 /* Sustainable Schools.app */,
				235700621EB872380054A521 /* Sustainable SchoolsTests.xctest */,
				2357006D1EB872390054A521 /* Sustainable SchoolsUITests.xctest */,
			);
			name = Products;
			sourceTree = "<group>";
		};
		2357004D1EB872370054A521 /* Sustainable Schools */ = {
			isa = PBXGroup;
			children = (
				28E0F96D1FE48FD00093605E /* Quiz */,
				28E0F96C1FE48FC50093605E /* Leadership */,
				28E0F96B1FE48FB70093605E /* Registration */,
				28E0F96A1FE48FAA0093605E /* Settings */,
				2357004E1EB872370054A521 /* AppDelegate.swift */,
				28F9C5AA1EC858A500CB547B /* DataManager.swift */,
				283B96BF1EF15E0600B5345F /* User.swift */,
				285E25541ED0641A0091A33D /* ValidationManager.swift */,
				2357005D1EB872380054A521 /* Info.plist */,
				235700501EB872370054A521 /* HomepageViewController.swift */,
				281F3B091ED7B8BE0014742D /* RegistrationViewController.swift */,
				235700521EB872370054A521 /* Main.storyboard */,
				28558B5C1EED2AA700198FD5 /* ScrollingTopicsViewController.swift */,
				845D407A1EBB0E6D00BC15AD /* TopicsHomeViewController.swift */,
				845D40781EBB0DBC00BC15AD /* QuizViewController.swift */,
				28558B621EEEB48800198FD5 /* landHomeViewController.swift */,
				28558B5E1EED539E00198FD5 /* energyHomeViewController.swift */,
				28F9C5AE1EC8C2D400CB547B /* displayingPointsViewController.swift */,
				285AA4181EDE93AE00D26583 /* aboutSDGViewController.swift */,
				285AA4121EDD8E8200D26583 /* SDGTableViewCell.swift */,
				28558B601EED844700198FD5 /* detailedSDGViewController.swift */,
				283B96B41EEF973100B5345F /* leadershipBoardViewController.swift */,
				283B96B21EEF7BA300B5345F /* leadershipCollectionViewCell.swift */,
				235700581EB872380054A521 /* Assets.xcassets */,
				283B96AE1EEEF36100B5345F /* sdgReference.swift */,
				2380A1711EBF6E2800CC45F3 /* QNA.swift */,
				844AEDF31EC02BBC009B4BDC /* colourscheme.txt */,
			);
			path = "Sustainable Schools";
			sourceTree = "<group>";
		};
		235700651EB872380054A521 /* Sustainable SchoolsTests */ = {
			isa = PBXGroup;
			children = (
				235700661EB872380054A521 /* Sustainable_SchoolsTests.swift */,
				235700681EB872380054A521 /* Info.plist */,
			);
			path = "Sustainable SchoolsTests";
			sourceTree = "<group>";
		};
		235700701EB872390054A521 /* Sustainable SchoolsUITests */ = {
			isa = PBXGroup;
			children = (
				235700711EB872390054A521 /* Sustainable_SchoolsUITests.swift */,
				235700731EB872390054A521 /* Info.plist */,
			);
			path = "Sustainable SchoolsUITests";
			sourceTree = "<group>";
		};
		28E0F96A1FE48FAA0093605E /* Settings */ = {
			isa = PBXGroup;
			children = (
				2854AF2C1FED067000CC1F0B /* Settings.storyboard */,
			);
			path = Settings;
			sourceTree = "<group>";
		};
		28E0F96B1FE48FB70093605E /* Registration */ = {
			isa = PBXGroup;
			children = (
				2854AF2A1FED060B00CC1F0B /* Registration.storyboard */,
			);
			path = Registration;
			sourceTree = "<group>";
		};
		28E0F96C1FE48FC50093605E /* Leadership */ = {
			isa = PBXGroup;
			children = (
				2854AF281FED05FE00CC1F0B /* Leadership.storyboard */,
			);
			path = Leadership;
			sourceTree = "<group>";
		};
		28E0F96D1FE48FD00093605E /* Quiz */ = {
			isa = PBXGroup;
			children = (
				28E0F96E1FE765D60093605E /* Quiz.storyboard */,
			);
			path = Quiz;
			sourceTree = "<group>";
		};
		319E8D3FB18B2FF00A32448F /* Frameworks */ = {
			isa = PBXGroup;
			children = (
				23F38A061EBF3DCD0089E243 /* Gloss.framework */,
				62F347409C5AAED4626B932D /* Pods_Sustainable_Schools.framework */,
			);
			name = Frameworks;
			sourceTree = "<group>";
		};
		96AA4A570E3E0127C488CD66 /* Pods */ = {
			isa = PBXGroup;
			children = (
				BA531DDA836A7D789E3C4399 /* Pods-Sustainable Schools.debug.xcconfig */,
				E914DA7E6463FF214E36603C /* Pods-Sustainable Schools.release.xcconfig */,
			);
			name = Pods;
			sourceTree = "<group>";
		};
/* End PBXGroup section */

/* Begin PBXNativeTarget section */
		2357004A1EB872370054A521 /* Sustainable Schools */ = {
			isa = PBXNativeTarget;
			buildConfigurationList = 235700761EB872390054A521 /* Build configuration list for PBXNativeTarget "Sustainable Schools" */;
			buildPhases = (
				DAA07D0642F447F9DB543D74 /* [CP] Check Pods Manifest.lock */,
				235700471EB872370054A521 /* Sources */,
				235700481EB872370054A521 /* Frameworks */,
				235700491EB872370054A521 /* Resources */,
				E160EDAA501BD72BA33F2E4D /* [CP] Embed Pods Frameworks */,
				00A5CD12DDDFA3762EBD7E9B /* [CP] Copy Pods Resources */,
			);
			buildRules = (
			);
			dependencies = (
			);
			name = "Sustainable Schools";
			productName = "Sustainable Schools";
			productReference = 2357004B1EB872370054A521 /* Sustainable Schools.app */;
			productType = "com.apple.product-type.application";
		};
		235700611EB872380054A521 /* Sustainable SchoolsTests */ = {
			isa = PBXNativeTarget;
			buildConfigurationList = 235700791EB872390054A521 /* Build configuration list for PBXNativeTarget "Sustainable SchoolsTests" */;
			buildPhases = (
				2357005E1EB872380054A521 /* Sources */,
				2357005F1EB872380054A521 /* Frameworks */,
				235700601EB872380054A521 /* Resources */,
			);
			buildRules = (
			);
			dependencies = (
				235700641EB872380054A521 /* PBXTargetDependency */,
			);
			name = "Sustainable SchoolsTests";
			productName = "Sustainable SchoolsTests";
			productReference = 235700621EB872380054A521 /* Sustainable SchoolsTests.xctest */;
			productType = "com.apple.product-type.bundle.unit-test";
		};
		2357006C1EB872390054A521 /* Sustainable SchoolsUITests */ = {
			isa = PBXNativeTarget;
			buildConfigurationList = 2357007C1EB872390054A521 /* Build configuration list for PBXNativeTarget "Sustainable SchoolsUITests" */;
			buildPhases = (
				235700691EB872390054A521 /* Sources */,
				2357006A1EB872390054A521 /* Frameworks */,
				2357006B1EB872390054A521 /* Resources */,
			);
			buildRules = (
			);
			dependencies = (
				2357006F1EB872390054A521 /* PBXTargetDependency */,
			);
			name = "Sustainable SchoolsUITests";
			productName = "Sustainable SchoolsUITests";
			productReference = 2357006D1EB872390054A521 /* Sustainable SchoolsUITests.xctest */;
			productType = "com.apple.product-type.bundle.ui-testing";
		};
/* End PBXNativeTarget section */

/* Begin PBXProject section */
		235700431EB872370054A521 /* Project object */ = {
			isa = PBXProject;
			attributes = {
				LastSwiftUpdateCheck = 0810;
				LastUpgradeCheck = 0830;
				ORGANIZATIONNAME = "Sophia Huynh";
				TargetAttributes = {
					2357004A1EB872370054A521 = {
						CreatedOnToolsVersion = 8.1;
						DevelopmentTeam = A7HRB93R5Z;
						ProvisioningStyle = Automatic;
					};
					235700611EB872380054A521 = {
						CreatedOnToolsVersion = 8.1;
						ProvisioningStyle = Automatic;
						TestTargetID = 2357004A1EB872370054A521;
					};
					2357006C1EB872390054A521 = {
						CreatedOnToolsVersion = 8.1;
						ProvisioningStyle = Automatic;
						TestTargetID = 2357004A1EB872370054A521;
					};
				};
			};
			buildConfigurationList = 235700461EB872370054A521 /* Build configuration list for PBXProject "Sustainable Schools" */;
			compatibilityVersion = "Xcode 3.2";
			developmentRegion = English;
			hasScannedForEncodings = 0;
			knownRegions = (
				en,
				Base,
			);
			mainGroup = 235700421EB872370054A521;
			productRefGroup = 2357004C1EB872370054A521 /* Products */;
			projectDirPath = "";
			projectRoot = "";
			targets = (
				2357004A1EB872370054A521 /* Sustainable Schools */,
				235700611EB872380054A521 /* Sustainable SchoolsTests */,
				2357006C1EB872390054A521 /* Sustainable SchoolsUITests */,
			);
		};
/* End PBXProject section */

/* Begin PBXResourcesBuildPhase section */
		235700491EB872370054A521 /* Resources */ = {
			isa = PBXResourcesBuildPhase;
			buildActionMask = 2147483647;
			files = (
				28E0F96F1FE765D60093605E /* Quiz.storyboard in Resources */,
				2854AF2B1FED060B00CC1F0B /* Registration.storyboard in Resources */,
				845D407D1EBDBCEC00BC15AD /* GoogleService-Info.plist in Resources */,
				235700591EB872380054A521 /* Assets.xcassets in Resources */,
				84F8FC821EBA404100C3343B /* Podfile in Resources */,
				844AEDF41EC02BBC009B4BDC /* colourscheme.txt in Resources */,
				2854AF2D1FED067000CC1F0B /* Settings.storyboard in Resources */,
				2854AF291FED05FE00CC1F0B /* Leadership.storyboard in Resources */,
				235700541EB872370054A521 /* Main.storyboard in Resources */,
			);
			runOnlyForDeploymentPostprocessing = 0;
		};
		235700601EB872380054A521 /* Resources */ = {
			isa = PBXResourcesBuildPhase;
			buildActionMask = 2147483647;
			files = (
			);
			runOnlyForDeploymentPostprocessing = 0;
		};
		2357006B1EB872390054A521 /* Resources */ = {
			isa = PBXResourcesBuildPhase;
			buildActionMask = 2147483647;
			files = (
			);
			runOnlyForDeploymentPostprocessing = 0;
		};
/* End PBXResourcesBuildPhase section */

/* Begin PBXShellScriptBuildPhase section */
		00A5CD12DDDFA3762EBD7E9B /* [CP] Copy Pods Resources */ = {
			isa = PBXShellScriptBuildPhase;
			buildActionMask = 2147483647;
			files = (
			);
			inputPaths = (
			);
			name = "[CP] Copy Pods Resources";
			outputPaths = (
			);
			runOnlyForDeploymentPostprocessing = 0;
			shellPath = /bin/sh;
			shellScript = "\"${SRCROOT}/Pods/Target Support Files/Pods-Sustainable Schools/Pods-Sustainable Schools-resources.sh\"\n";
			showEnvVarsInLog = 0;
		};
		DAA07D0642F447F9DB543D74 /* [CP] Check Pods Manifest.lock */ = {
			isa = PBXShellScriptBuildPhase;
			buildActionMask = 2147483647;
			files = (
			);
			inputPaths = (
			);
			name = "[CP] Check Pods Manifest.lock";
			outputPaths = (
			);
			runOnlyForDeploymentPostprocessing = 0;
			shellPath = /bin/sh;
			shellScript = "diff \"${PODS_PODFILE_DIR_PATH}/Podfile.lock\" \"${PODS_ROOT}/Manifest.lock\" > /dev/null\nif [ $? != 0 ] ; then\n    # print error to STDERR\n    echo \"error: The sandbox is not in sync with the Podfile.lock. Run 'pod install' or update your CocoaPods installation.\" >&2\n    exit 1\nfi\n";
			showEnvVarsInLog = 0;
		};
		E160EDAA501BD72BA33F2E4D /* [CP] Embed Pods Frameworks */ = {
			isa = PBXShellScriptBuildPhase;
			buildActionMask = 2147483647;
			files = (
			);
			inputPaths = (
			);
			name = "[CP] Embed Pods Frameworks";
			outputPaths = (
			);
			runOnlyForDeploymentPostprocessing = 0;
			shellPath = /bin/sh;
			shellScript = "\"${SRCROOT}/Pods/Target Support Files/Pods-Sustainable Schools/Pods-Sustainable Schools-frameworks.sh\"\n";
			showEnvVarsInLog = 0;
		};
/* End PBXShellScriptBuildPhase section */

/* Begin PBXSourcesBuildPhase section */
		235700471EB872370054A521 /* Sources */ = {
			isa = PBXSourcesBuildPhase;
			buildActionMask = 2147483647;
			files = (
				28558B611EED844700198FD5 /* detailedSDGViewController.swift in Sources */,
				28558B5F1EED539E00198FD5 /* energyHomeViewController.swift in Sources */,
				28F9C5AB1EC858A500CB547B /* DataManager.swift in Sources */,
				285AA4131EDD8E8200D26583 /* SDGTableViewCell.swift in Sources */,
				283B96B31EEF7BA300B5345F /* leadershipCollectionViewCell.swift in Sources */,
				285AA4191EDE93AE00D26583 /* aboutSDGViewController.swift in Sources */,
				28558B5D1EED2AA700198FD5 /* ScrollingTopicsViewController.swift in Sources */,
				283B96AF1EEEF36100B5345F /* sdgReference.swift in Sources */,
				28F9C5AF1EC8C2D400CB547B /* displayingPointsViewController.swift in Sources */,
				283B96B51EEF973100B5345F /* leadershipBoardViewController.swift in Sources */,
				235700511EB872370054A521 /* HomepageViewController.swift in Sources */,
				281F3B0A1ED7B8BE0014742D /* RegistrationViewController.swift in Sources */,
				2380A1721EBF6E2800CC45F3 /* QNA.swift in Sources */,
				2357004F1EB872370054A521 /* AppDelegate.swift in Sources */,
				845D40791EBB0DBC00BC15AD /* QuizViewController.swift in Sources */,
				285E25551ED0641A0091A33D /* ValidationManager.swift in Sources */,
				845D407B1EBB0E6D00BC15AD /* TopicsHomeViewController.swift in Sources */,
				28558B631EEEB48800198FD5 /* landHomeViewController.swift in Sources */,
				283B96C01EF15E0600B5345F /* User.swift in Sources */,
			);
			runOnlyForDeploymentPostprocessing = 0;
		};
		2357005E1EB872380054A521 /* Sources */ = {
			isa = PBXSourcesBuildPhase;
			buildActionMask = 2147483647;
			files = (
				235700671EB872380054A521 /* Sustainable_SchoolsTests.swift in Sources */,
			);
			runOnlyForDeploymentPostprocessing = 0;
		};
		235700691EB872390054A521 /* Sources */ = {
			isa = PBXSourcesBuildPhase;
			buildActionMask = 2147483647;
			files = (
				235700721EB872390054A521 /* Sustainable_SchoolsUITests.swift in Sources */,
			);
			runOnlyForDeploymentPostprocessing = 0;
		};
/* End PBXSourcesBuildPhase section */

/* Begin PBXTargetDependency section */
		235700641EB872380054A521 /* PBXTargetDependency */ = {
			isa = PBXTargetDependency;
			target = 2357004A1EB872370054A521 /* Sustainable Schools */;
			targetProxy = 235700631EB872380054A521 /* PBXContainerItemProxy */;
		};
		2357006F1EB872390054A521 /* PBXTargetDependency */ = {
			isa = PBXTargetDependency;
			target = 2357004A1EB872370054A521 /* Sustainable Schools */;
			targetProxy = 2357006E1EB872390054A521 /* PBXContainerItemProxy */;
		};
/* End PBXTargetDependency section */

/* Begin PBXVariantGroup section */
		235700521EB872370054A521 /* Main.storyboard */ = {
			isa = PBXVariantGroup;
			children = (
				235700531EB872370054A521 /* Base */,
			);
			name = Main.storyboard;
			sourceTree = "<group>";
		};
/* End PBXVariantGroup section */

/* Begin XCBuildConfiguration section */
		235700741EB872390054A521 /* Debug */ = {
			isa = XCBuildConfiguration;
			buildSettings = {
				ALWAYS_SEARCH_USER_PATHS = NO;
				CLANG_ANALYZER_NONNULL = YES;
				CLANG_CXX_LANGUAGE_STANDARD = "gnu++0x";
				CLANG_CXX_LIBRARY = "libc++";
				CLANG_ENABLE_MODULES = YES;
				CLANG_ENABLE_OBJC_ARC = YES;
				CLANG_WARN_BOOL_CONVERSION = YES;
				CLANG_WARN_CONSTANT_CONVERSION = YES;
				CLANG_WARN_DIRECT_OBJC_ISA_USAGE = YES_ERROR;
				CLANG_WARN_DOCUMENTATION_COMMENTS = YES;
				CLANG_WARN_EMPTY_BODY = YES;
				CLANG_WARN_ENUM_CONVERSION = YES;
				CLANG_WARN_INFINITE_RECURSION = YES;
				CLANG_WARN_INT_CONVERSION = YES;
				CLANG_WARN_OBJC_ROOT_CLASS = YES_ERROR;
				CLANG_WARN_SUSPICIOUS_MOVE = YES;
				CLANG_WARN_SUSPICIOUS_MOVES = YES;
				CLANG_WARN_UNREACHABLE_CODE = YES;
				CLANG_WARN__DUPLICATE_METHOD_MATCH = YES;
				"CODE_SIGN_IDENTITY[sdk=iphoneos*]" = "iPhone Developer";
				COPY_PHASE_STRIP = NO;
				DEBUG_INFORMATION_FORMAT = dwarf;
				ENABLE_STRICT_OBJC_MSGSEND = YES;
				ENABLE_TESTABILITY = YES;
				GCC_C_LANGUAGE_STANDARD = gnu99;
				GCC_DYNAMIC_NO_PIC = NO;
				GCC_NO_COMMON_BLOCKS = YES;
				GCC_OPTIMIZATION_LEVEL = 0;
				GCC_PREPROCESSOR_DEFINITIONS = (
					"DEBUG=1",
					"$(inherited)",
				);
				GCC_WARN_64_TO_32_BIT_CONVERSION = YES;
				GCC_WARN_ABOUT_RETURN_TYPE = YES_ERROR;
				GCC_WARN_UNDECLARED_SELECTOR = YES;
				GCC_WARN_UNINITIALIZED_AUTOS = YES_AGGRESSIVE;
				GCC_WARN_UNUSED_FUNCTION = YES;
				GCC_WARN_UNUSED_VARIABLE = YES;
				IPHONEOS_DEPLOYMENT_TARGET = 10.1;
				MTL_ENABLE_DEBUG_INFO = YES;
				ONLY_ACTIVE_ARCH = YES;
				SDKROOT = iphoneos;
				SWIFT_ACTIVE_COMPILATION_CONDITIONS = DEBUG;
				SWIFT_OPTIMIZATION_LEVEL = "-Onone";
				TARGETED_DEVICE_FAMILY = "1,2";
			};
			name = Debug;
		};
		235700751EB872390054A521 /* Release */ = {
			isa = XCBuildConfiguration;
			buildSettings = {
				ALWAYS_SEARCH_USER_PATHS = NO;
				CLANG_ANALYZER_NONNULL = YES;
				CLANG_CXX_LANGUAGE_STANDARD = "gnu++0x";
				CLANG_CXX_LIBRARY = "libc++";
				CLANG_ENABLE_MODULES = YES;
				CLANG_ENABLE_OBJC_ARC = YES;
				CLANG_WARN_BOOL_CONVERSION = YES;
				CLANG_WARN_CONSTANT_CONVERSION = YES;
				CLANG_WARN_DIRECT_OBJC_ISA_USAGE = YES_ERROR;
				CLANG_WARN_DOCUMENTATION_COMMENTS = YES;
				CLANG_WARN_EMPTY_BODY = YES;
				CLANG_WARN_ENUM_CONVERSION = YES;
				CLANG_WARN_INFINITE_RECURSION = YES;
				CLANG_WARN_INT_CONVERSION = YES;
				CLANG_WARN_OBJC_ROOT_CLASS = YES_ERROR;
				CLANG_WARN_SUSPICIOUS_MOVE = YES;
				CLANG_WARN_SUSPICIOUS_MOVES = YES;
				CLANG_WARN_UNREACHABLE_CODE = YES;
				CLANG_WARN__DUPLICATE_METHOD_MATCH = YES;
				"CODE_SIGN_IDENTITY[sdk=iphoneos*]" = "iPhone Developer";
				COPY_PHASE_STRIP = NO;
				DEBUG_INFORMATION_FORMAT = "dwarf-with-dsym";
				ENABLE_NS_ASSERTIONS = NO;
				ENABLE_STRICT_OBJC_MSGSEND = YES;
				GCC_C_LANGUAGE_STANDARD = gnu99;
				GCC_NO_COMMON_BLOCKS = YES;
				GCC_WARN_64_TO_32_BIT_CONVERSION = YES;
				GCC_WARN_ABOUT_RETURN_TYPE = YES_ERROR;
				GCC_WARN_UNDECLARED_SELECTOR = YES;
				GCC_WARN_UNINITIALIZED_AUTOS = YES_AGGRESSIVE;
				GCC_WARN_UNUSED_FUNCTION = YES;
				GCC_WARN_UNUSED_VARIABLE = YES;
				IPHONEOS_DEPLOYMENT_TARGET = 10.1;
				MTL_ENABLE_DEBUG_INFO = NO;
				SDKROOT = iphoneos;
				SWIFT_OPTIMIZATION_LEVEL = "-Owholemodule";
				TARGETED_DEVICE_FAMILY = "1,2";
				VALIDATE_PRODUCT = YES;
			};
			name = Release;
		};
		235700771EB872390054A521 /* Debug */ = {
			isa = XCBuildConfiguration;
			baseConfigurationReference = BA531DDA836A7D789E3C4399 /* Pods-Sustainable Schools.debug.xcconfig */;
			buildSettings = {
				ASSETCATALOG_COMPILER_APPICON_NAME = AppIcon;
				DEVELOPMENT_TEAM = A7HRB93R5Z;
				FRAMEWORK_SEARCH_PATHS = (
					"$(inherited)",
					"$(PROJECT_DIR)/build/Debug-iphoneos/Gloss",
				);
				INFOPLIST_FILE = "Sustainable Schools/Info.plist";
				LD_RUNPATH_SEARCH_PATHS = "$(inherited) @executable_path/Frameworks";
				PRODUCT_BUNDLE_IDENTIFIER = "fit3027monash.Sustainable-Schools";
				PRODUCT_NAME = "$(TARGET_NAME)";
				SWIFT_VERSION = 3.0;
			};
			name = Debug;
		};
		235700781EB872390054A521 /* Release */ = {
			isa = XCBuildConfiguration;
			baseConfigurationReference = E914DA7E6463FF214E36603C /* Pods-Sustainable Schools.release.xcconfig */;
			buildSettings = {
				ASSETCATALOG_COMPILER_APPICON_NAME = AppIcon;
				DEVELOPMENT_TEAM = A7HRB93R5Z;
				FRAMEWORK_SEARCH_PATHS = (
					"$(inherited)",
					"$(PROJECT_DIR)/build/Debug-iphoneos/Gloss",
				);
				INFOPLIST_FILE = "Sustainable Schools/Info.plist";
				LD_RUNPATH_SEARCH_PATHS = "$(inherited) @executable_path/Frameworks";
				PRODUCT_BUNDLE_IDENTIFIER = "fit3027monash.Sustainable-Schools";
				PRODUCT_NAME = "$(TARGET_NAME)";
				SWIFT_VERSION = 3.0;
			};
			name = Release;
		};
		2357007A1EB872390054A521 /* Debug */ = {
			isa = XCBuildConfiguration;
			buildSettings = {
				ALWAYS_EMBED_SWIFT_STANDARD_LIBRARIES = YES;
				BUNDLE_LOADER = "$(TEST_HOST)";
				INFOPLIST_FILE = "Sustainable SchoolsTests/Info.plist";
				LD_RUNPATH_SEARCH_PATHS = "$(inherited) @executable_path/Frameworks @loader_path/Frameworks";
				PRODUCT_BUNDLE_IDENTIFIER = "fit3027monash.Sustainable-SchoolsTests";
				PRODUCT_NAME = "$(TARGET_NAME)";
				SWIFT_VERSION = 3.0;
				TEST_HOST = "$(BUILT_PRODUCTS_DIR)/Sustainable Schools.app/Sustainable Schools";
			};
			name = Debug;
		};
		2357007B1EB872390054A521 /* Release */ = {
			isa = XCBuildConfiguration;
			buildSettings = {
				ALWAYS_EMBED_SWIFT_STANDARD_LIBRARIES = YES;
				BUNDLE_LOADER = "$(TEST_HOST)";
				INFOPLIST_FILE = "Sustainable SchoolsTests/Info.plist";
				LD_RUNPATH_SEARCH_PATHS = "$(inherited) @executable_path/Frameworks @loader_path/Frameworks";
				PRODUCT_BUNDLE_IDENTIFIER = "fit3027monash.Sustainable-SchoolsTests";
				PRODUCT_NAME = "$(TARGET_NAME)";
				SWIFT_VERSION = 3.0;
				TEST_HOST = "$(BUILT_PRODUCTS_DIR)/Sustainable Schools.app/Sustainable Schools";
			};
			name = Release;
		};
		2357007D1EB872390054A521 /* Debug */ = {
			isa = XCBuildConfiguration;
			buildSettings = {
				ALWAYS_EMBED_SWIFT_STANDARD_LIBRARIES = YES;
				INFOPLIST_FILE = "Sustainable SchoolsUITests/Info.plist";
				LD_RUNPATH_SEARCH_PATHS = "$(inherited) @executable_path/Frameworks @loader_path/Frameworks";
				PRODUCT_BUNDLE_IDENTIFIER = "fit3027monash.Sustainable-SchoolsUITests";
				PRODUCT_NAME = "$(TARGET_NAME)";
				SWIFT_VERSION = 3.0;
				TEST_TARGET_NAME = "Sustainable Schools";
			};
			name = Debug;
		};
		2357007E1EB872390054A521 /* Release */ = {
			isa = XCBuildConfiguration;
			buildSettings = {
				ALWAYS_EMBED_SWIFT_STANDARD_LIBRARIES = YES;
				INFOPLIST_FILE = "Sustainable SchoolsUITests/Info.plist";
				LD_RUNPATH_SEARCH_PATHS = "$(inherited) @executable_path/Frameworks @loader_path/Frameworks";
				PRODUCT_BUNDLE_IDENTIFIER = "fit3027monash.Sustainable-SchoolsUITests";
				PRODUCT_NAME = "$(TARGET_NAME)";
				SWIFT_VERSION = 3.0;
				TEST_TARGET_NAME = "Sustainable Schools";
			};
			name = Release;
		};
/* End XCBuildConfiguration section */

/* Begin XCConfigurationList section */
		235700461EB872370054A521 /* Build configuration list for PBXProject "Sustainable Schools" */ = {
			isa = XCConfigurationList;
			buildConfigurations = (
				235700741EB872390054A521 /* Debug */,
				235700751EB872390054A521 /* Release */,
			);
			defaultConfigurationIsVisible = 0;
			defaultConfigurationName = Release;
		};
		235700761EB872390054A521 /* Build configuration list for PBXNativeTarget "Sustainable Schools" */ = {
			isa = XCConfigurationList;
			buildConfigurations = (
				235700771EB872390054A521 /* Debug */,
				235700781EB872390054A521 /* Release */,
			);
			defaultConfigurationIsVisible = 0;
			defaultConfigurationName = Release;
		};
		235700791EB872390054A521 /* Build configuration list for PBXNativeTarget "Sustainable SchoolsTests" */ = {
			isa = XCConfigurationList;
			buildConfigurations = (
				2357007A1EB872390054A521 /* Debug */,
				2357007B1EB872390054A521 /* Release */,
			);
			defaultConfigurationIsVisible = 0;
			defaultConfigurationName = Release;
		};
		2357007C1EB872390054A521 /* Build configuration list for PBXNativeTarget "Sustainable SchoolsUITests" */ = {
			isa = XCConfigurationList;
			buildConfigurations = (
				2357007D1EB872390054A521 /* Debug */,
				2357007E1EB872390054A521 /* Release */,
			);
			defaultConfigurationIsVisible = 0;
			defaultConfigurationName = Release;
		};
/* End XCConfigurationList section */
	};
	rootObject = 235700431EB872370054A521 /* Project object */;
}
